{
  "name": "lenovo",
  "version": "1.0.0",
  "lockfileVersion": 1,
  "requires": true,
  "dependencies": {
    "dom7": {
      "version": "3.0.0-alpha.9",
      "resolved": "https://registry.npm.taobao.org/dom7/download/dom7-3.0.0-alpha.9.tgz?cache=0&sync_timestamp=1598357047746&other_urls=https%3A%2F%2Fregistry.npm.taobao.org%2Fdom7%2Fdownload%2Fdom7-3.0.0-alpha.9.tgz",
      "integrity": "sha1-ARDCEYG4utOh7nJEPgTTwuPx048=",
      "dev": true,
      "requires": {
        "ssr-window": "^3.0.0-alpha.1"
      }
    },
    "jquery": {
      "version": "3.5.1",
      "resolved": "https://registry.npm.taobao.org/jquery/download/jquery-3.5.1.tgz?cache=0&sync_timestamp=1588633260500&other_urls=https%3A%2F%2Fregistry.npm.taobao.org%2Fjquery%2Fdownload%2Fjquery-3.5.1.tgz",
      "integrity": "sha1-17TQjhv9uGrS8aPQOeoXMEcXq7U="
    },
    "ssr-window": {
      "version": "3.0.0-alpha.4",
      "resolved": "https://registry.npm.taobao.org/ssr-window/download/ssr-window-3.0.0-alpha.4.tgz",
      "integrity": "sha1-DGmhjEMF7MzdjhFZYVXKB7Y180U=",
      "dev": true
    },
    "swiper": {
      "version": "6.1.2",
      "resolved": "https://registry.npm.taobao.org/swiper/download/swiper-6.1.2.tgz?cache=0&sync_timestamp=1597671791523&other_urls=https%3A%2F%2Fregistry.npm.taobao.org%2Fswiper%2Fdownload%2Fswiper-6.1.2.tgz",
      "integrity": "sha1-M0aTSRkV2lGVT6OIEVxSHfuh62o=",
      "dev": true,
      "requires": {
        "dom7": "^3.0.0-alpha.7",
        "ssr-window": "^3.0.0-alpha.4"
      }
    }
  }
}
